// !$*UTF8*$!
{
	archiveVersion = 1;
	classes = {
	};
	objectVersion = 48;
	objects = {

/* Begin PBXBuildFile section */
		B526E0091FED881B00B3FC9E /* AppDelegate.swift in Sources */ = {isa = PBXBuildFile; fileRef = B526E0081FED881B00B3FC9E /* AppDelegate.swift */; };
		B526E00E1FED881B00B3FC9E /* Main.storyboard in Resources */ = {isa = PBXBuildFile; fileRef = B526E00C1FED881B00B3FC9E /* Main.storyboard */; };
		B526E0111FED881B00B3FC9E /* quiz4kids.xcdatamodeld in Sources */ = {isa = PBXBuildFile; fileRef = B526E00F1FED881B00B3FC9E /* quiz4kids.xcdatamodeld */; };
		B526E0131FED881B00B3FC9E /* Assets.xcassets in Resources */ = {isa = PBXBuildFile; fileRef = B526E0121FED881B00B3FC9E /* Assets.xcassets */; };
		B526E0161FED881B00B3FC9E /* LaunchScreen.storyboard in Resources */ = {isa = PBXBuildFile; fileRef = B526E0141FED881B00B3FC9E /* LaunchScreen.storyboard */; };
		B526E0211FED881C00B3FC9E /* quiz4kidsTests.swift in Sources */ = {isa = PBXBuildFile; fileRef = B526E0201FED881C00B3FC9E /* quiz4kidsTests.swift */; };
		B526E02C1FED881C00B3FC9E /* quiz4kidsUITests.swift in Sources */ = {isa = PBXBuildFile; fileRef = B526E02B1FED881C00B3FC9E /* quiz4kidsUITests.swift */; };
		B526E03A1FED888500B3FC9E /* Quiz.swift in Sources */ = {isa = PBXBuildFile; fileRef = B526E0391FED888500B3FC9E /* Quiz.swift */; };
		B526E03C1FED892800B3FC9E /* QuizTypeTableViewController.swift in Sources */ = {isa = PBXBuildFile; fileRef = B526E03B1FED892800B3FC9E /* QuizTypeTableViewController.swift */; };
		B526E0401FED8B8A00B3FC9E /* QuizType.swift in Sources */ = {isa = PBXBuildFile; fileRef = B526E03F1FED8B8A00B3FC9E /* QuizType.swift */; };
		B526E0421FED8E7E00B3FC9E /* QuizTableViewController.swift in Sources */ = {isa = PBXBuildFile; fileRef = B526E0411FED8E7E00B3FC9E /* QuizTableViewController.swift */; };
		B526E0441FED984F00B3FC9E /* Colors.swift in Sources */ = {isa = PBXBuildFile; fileRef = B526E0431FED984F00B3FC9E /* Colors.swift */; };
		B526E0461FED99EE00B3FC9E /* QuizViewController.swift in Sources */ = {isa = PBXBuildFile; fileRef = B526E0451FED99EE00B3FC9E /* QuizViewController.swift */; };
		B52C8BFD1FF8A80100211C37 /* QuizTypeTableViewCell.swift in Sources */ = {isa = PBXBuildFile; fileRef = B52C8BFC1FF8A80100211C37 /* QuizTypeTableViewCell.swift */; };
		B536B4511FF01CDD0044DBEA /* AudioQuizViewController.swift in Sources */ = {isa = PBXBuildFile; fileRef = B536B4501FF01CDD0044DBEA /* AudioQuizViewController.swift */; };
		B554C6902009A1E7005D0BBC /* SpellingBee.swift in Sources */ = {isa = PBXBuildFile; fileRef = B554C68F2009A1E7005D0BBC /* SpellingBee.swift */; };
		B570C0EA1FFDF3DE00A9AC23 /* MultiLineViewController.swift in Sources */ = {isa = PBXBuildFile; fileRef = B570C0E91FFDF3DE00A9AC23 /* MultiLineViewController.swift */; };
		B5C2E58B1FEEC90F00CACBDB /* AppleCountViewController.swift in Sources */ = {isa = PBXBuildFile; fileRef = B5C2E58A1FEEC90F00CACBDB /* AppleCountViewController.swift */; };
/* End PBXBuildFile section */

/* Begin PBXContainerItemProxy section */
		B526E01D1FED881C00B3FC9E /* PBXContainerItemProxy */ = {
			isa = PBXContainerItemProxy;
			containerPortal = B526DFFD1FED881B00B3FC9E /* Project object */;
			proxyType = 1;
			remoteGlobalIDString = B526E0041FED881B00B3FC9E;
			remoteInfo = quiz4kids;
		};
		B526E0281FED881C00B3FC9E /* PBXContainerItemProxy */ = {
			isa = PBXContainerItemProxy;
			containerPortal = B526DFFD1FED881B00B3FC9E /* Project object */;
			proxyType = 1;
			remoteGlobalIDString = B526E0041FED881B00B3FC9E;
			remoteInfo = quiz4kids;
		};
/* End PBXContainerItemProxy section */

/* Begin PBXFileReference section */
		B526E0051FED881B00B3FC9E /* quiz4kids.app */ = {isa = PBXFileReference; explicitFileType = wrapper.application; includeInIndex = 0; path = quiz4kids.app; sourceTree = BUILT_PRODUCTS_DIR; };
		B526E0081FED881B00B3FC9E /* AppDelegate.swift */ = {isa = PBXFileReference; lastKnownFileType = sourcecode.swift; path = AppDelegate.swift; sourceTree = "<group>"; };
		B526E00D1FED881B00B3FC9E /* Base */ = {isa = PBXFileReference; lastKnownFileType = file.storyboard; name = Base; path = Base.lproj/Main.storyboard; sourceTree = "<group>"; };
		B526E0101FED881B00B3FC9E /* quiz4kids.xcdatamodel */ = {isa = PBXFileReference; lastKnownFileType = wrapper.xcdatamodel; path = quiz4kids.xcdatamodel; sourceTree = "<group>"; };
		B526E0121FED881B00B3FC9E /* Assets.xcassets */ = {isa = PBXFileReference; lastKnownFileType = folder.assetcatalog; path = Assets.xcassets; sourceTree = "<group>"; };
		B526E0151FED881B00B3FC9E /* Base */ = {isa = PBXFileReference; lastKnownFileType = file.storyboard; name = Base; path = Base.lproj/LaunchScreen.storyboard; sourceTree = "<group>"; };
		B526E0171FED881B00B3FC9E /* Info.plist */ = {isa = PBXFileReference; lastKnownFileType = text.plist.xml; path = Info.plist; sourceTree = "<group>"; };
		B526E01C1FED881C00B3FC9E /* quiz4kidsTests.xctest */ = {isa = PBXFileReference; explicitFileType = wrapper.cfbundle; includeInIndex = 0; path = quiz4kidsTests.xctest; sourceTree = BUILT_PRODUCTS_DIR; };
		B526E0201FED881C00B3FC9E /* quiz4kidsTests.swift */ = {isa = PBXFileReference; lastKnownFileType = sourcecode.swift; path = quiz4kidsTests.swift; sourceTree = "<group>"; };
		B526E0221FED881C00B3FC9E /* Info.plist */ = {isa = PBXFileReference; lastKnownFileType = text.plist.xml; path = Info.plist; sourceTree = "<group>"; };
		B526E0271FED881C00B3FC9E /* quiz4kidsUITests.xctest */ = {isa = PBXFileReference; explicitFileType = wrapper.cfbundle; includeInIndex = 0; path = quiz4kidsUITests.xctest; sourceTree = BUILT_PRODUCTS_DIR; };
		B526E02B1FED881C00B3FC9E /* quiz4kidsUITests.swift */ = {isa = PBXFileReference; lastKnownFileType = sourcecode.swift; path = quiz4kidsUITests.swift; sourceTree = "<group>"; };
		B526E02D1FED881C00B3FC9E /* Info.plist */ = {isa = PBXFileReference; lastKnownFileType = text.plist.xml; path = Info.plist; sourceTree = "<group>"; };
		B526E0391FED888500B3FC9E /* Quiz.swift */ = {isa = PBXFileReference; lastKnownFileType = sourcecode.swift; path = Quiz.swift; sourceTree = "<group>"; };
		B526E03B1FED892800B3FC9E /* QuizTypeTableViewController.swift */ = {isa = PBXFileReference; lastKnownFileType = sourcecode.swift; path = QuizTypeTableViewController.swift; sourceTree = "<group>"; };
		B526E03F1FED8B8A00B3FC9E /* QuizType.swift */ = {isa = PBXFileReference; lastKnownFileType = sourcecode.swift; path = QuizType.swift; sourceTree = "<group>"; };
		B526E0411FED8E7E00B3FC9E /* QuizTableViewController.swift */ = {isa = PBXFileReference; lastKnownFileType = sourcecode.swift; path = QuizTableViewController.swift; sourceTree = "<group>"; };
		B526E0431FED984F00B3FC9E /* Colors.swift */ = {isa = PBXFileReference; lastKnownFileType = sourcecode.swift; path = Colors.swift; sourceTree = "<group>"; };
		B526E0451FED99EE00B3FC9E /* QuizViewController.swift */ = {isa = PBXFileReference; lastKnownFileType = sourcecode.swift; path = QuizViewController.swift; sourceTree = "<group>"; };
		B52C8BFC1FF8A80100211C37 /* QuizTypeTableViewCell.swift */ = {isa = PBXFileReference; lastKnownFileType = sourcecode.swift; path = QuizTypeTableViewCell.swift; sourceTree = "<group>"; };
		B536B4501FF01CDD0044DBEA /* AudioQuizViewController.swift */ = {isa = PBXFileReference; lastKnownFileType = sourcecode.swift; path = AudioQuizViewController.swift; sourceTree = "<group>"; };
		B554C68F2009A1E7005D0BBC /* SpellingBee.swift */ = {isa = PBXFileReference; lastKnownFileType = sourcecode.swift; path = SpellingBee.swift; sourceTree = "<group>"; };
		B570C0E91FFDF3DE00A9AC23 /* MultiLineViewController.swift */ = {isa = PBXFileReference; lastKnownFileType = sourcecode.swift; path = MultiLineViewController.swift; sourceTree = "<group>"; };
		B5C2E58A1FEEC90F00CACBDB /* AppleCountViewController.swift */ = {isa = PBXFileReference; lastKnownFileType = sourcecode.swift; path = AppleCountViewController.swift; sourceTree = "<group>"; };
/* End PBXFileReference section */

/* Begin PBXFrameworksBuildPhase section */
		B526E0021FED881B00B3FC9E /* Frameworks */ = {
			isa = PBXFrameworksBuildPhase;
			buildActionMask = 2147483647;
			files = (
			);
			runOnlyForDeploymentPostprocessing = 0;
		};
		B526E0191FED881C00B3FC9E /* Frameworks */ = {
			isa = PBXFrameworksBuildPhase;
			buildActionMask = 2147483647;
			files = (
			);
			runOnlyForDeploymentPostprocessing = 0;
		};
		B526E0241FED881C00B3FC9E /* Frameworks */ = {
			isa = PBXFrameworksBuildPhase;
			buildActionMask = 2147483647;
			files = (
			);
			runOnlyForDeploymentPostprocessing = 0;
		};
/* End PBXFrameworksBuildPhase section */

/* Begin PBXGroup section */
		B526DFFC1FED881B00B3FC9E = {
			isa = PBXGroup;
			children = (
				B526E0071FED881B00B3FC9E /* quiz4kids */,
				B526E01F1FED881C00B3FC9E /* quiz4kidsTests */,
				B526E02A1FED881C00B3FC9E /* quiz4kidsUITests */,
				B526E0061FED881B00B3FC9E /* Products */,
			);
			sourceTree = "<group>";
		};
		B526E0061FED881B00B3FC9E /* Products */ = {
			isa = PBXGroup;
			children = (
				B526E0051FED881B00B3FC9E /* quiz4kids.app */,
				B526E01C1FED881C00B3FC9E /* quiz4kidsTests.xctest */,
				B526E0271FED881C00B3FC9E /* quiz4kidsUITests.xctest */,
			);
			name = Products;
			sourceTree = "<group>";
		};
		B526E0071FED881B00B3FC9E /* quiz4kids */ = {
			isa = PBXGroup;
			children = (
				B526E0431FED984F00B3FC9E /* Colors.swift */,
				B526E0391FED888500B3FC9E /* Quiz.swift */,
				B554C68F2009A1E7005D0BBC /* SpellingBee.swift */,
				B526E03F1FED8B8A00B3FC9E /* QuizType.swift */,
				B526E0081FED881B00B3FC9E /* AppDelegate.swift */,
				B52C8BFC1FF8A80100211C37 /* QuizTypeTableViewCell.swift */,
				B526E03B1FED892800B3FC9E /* QuizTypeTableViewController.swift */,
				B526E0411FED8E7E00B3FC9E /* QuizTableViewController.swift */,
				B526E0451FED99EE00B3FC9E /* QuizViewController.swift */,
				B5C2E58A1FEEC90F00CACBDB /* AppleCountViewController.swift */,
				B536B4501FF01CDD0044DBEA /* AudioQuizViewController.swift */,
				B570C0E91FFDF3DE00A9AC23 /* MultiLineViewController.swift */,
				B526E00C1FED881B00B3FC9E /* Main.storyboard */,
				B526E0121FED881B00B3FC9E /* Assets.xcassets */,
				B526E0141FED881B00B3FC9E /* LaunchScreen.storyboard */,
				B526E0171FED881B00B3FC9E /* Info.plist */,
				B526E00F1FED881B00B3FC9E /* quiz4kids.xcdatamodeld */,
			);
			path = quiz4kids;
			sourceTree = "<group>";
		};
		B526E01F1FED881C00B3FC9E /* quiz4kidsTests */ = {
			isa = PBXGroup;
			children = (
				B526E0201FED881C00B3FC9E /* quiz4kidsTests.swift */,
				B526E0221FED881C00B3FC9E /* Info.plist */,
			);
			path = quiz4kidsTests;
			sourceTree = "<group>";
		};
		B526E02A1FED881C00B3FC9E /* quiz4kidsUITests */ = {
			isa = PBXGroup;
			children = (
				B526E02B1FED881C00B3FC9E /* quiz4kidsUITests.swift */,
				B526E02D1FED881C00B3FC9E /* Info.plist */,
			);
			path = quiz4kidsUITests;
			sourceTree = "<group>";
		};
/* End PBXGroup section */

/* Begin PBXNativeTarget section */
		B526E0041FED881B00B3FC9E /* quiz4kids */ = {
			isa = PBXNativeTarget;
			buildConfigurationList = B526E0301FED881C00B3FC9E /* Build configuration list for PBXNativeTarget "quiz4kids" */;
			buildPhases = (
				B526E0011FED881B00B3FC9E /* Sources */,
				B526E0021FED881B00B3FC9E /* Frameworks */,
				B526E0031FED881B00B3FC9E /* Resources */,
			);
			buildRules = (
			);
			dependencies = (
			);
			name = quiz4kids;
			productName = quiz4kids;
			productReference = B526E0051FED881B00B3FC9E /* quiz4kids.app */;
			productType = "com.apple.product-type.application";
		};
		B526E01B1FED881C00B3FC9E /* quiz4kidsTests */ = {
			isa = PBXNativeTarget;
			buildConfigurationList = B526E0331FED881C00B3FC9E /* Build configuration list for PBXNativeTarget "quiz4kidsTests" */;
			buildPhases = (
				B526E0181FED881C00B3FC9E /* Sources */,
				B526E0191FED881C00B3FC9E /* Frameworks */,
				B526E01A1FED881C00B3FC9E /* Resources */,
			);
			buildRules = (
			);
			dependencies = (
				B526E01E1FED881C00B3FC9E /* PBXTargetDependency */,
			);
			name = quiz4kidsTests;
			productName = quiz4kidsTests;
			productReference = B526E01C1FED881C00B3FC9E /* quiz4kidsTests.xctest */;
			productType = "com.apple.product-type.bundle.unit-test";
		};
		B526E0261FED881C00B3FC9E /* quiz4kidsUITests */ = {
			isa = PBXNativeTarget;
			buildConfigurationList = B526E0361FED881C00B3FC9E /* Build configuration list for PBXNativeTarget "quiz4kidsUITests" */;
			buildPhases = (
				B526E0231FED881C00B3FC9E /* Sources */,
				B526E0241FED881C00B3FC9E /* Frameworks */,
				B526E0251FED881C00B3FC9E /* Resources */,
			);
			buildRules = (
			);
			dependencies = (
				B526E0291FED881C00B3FC9E /* PBXTargetDependency */,
			);
			name = quiz4kidsUITests;
			productName = quiz4kidsUITests;
			productReference = B526E0271FED881C00B3FC9E /* quiz4kidsUITests.xctest */;
			productType = "com.apple.product-type.bundle.ui-testing";
		};
/* End PBXNativeTarget section */

/* Begin PBXProject section */
		B526DFFD1FED881B00B3FC9E /* Project object */ = {
			isa = PBXProject;
			attributes = {
				LastSwiftUpdateCheck = 0920;
				LastUpgradeCheck = 0920;
				ORGANIZATIONNAME = whiteship;
				TargetAttributes = {
					B526E0041FED881B00B3FC9E = {
						CreatedOnToolsVersion = 9.2;
						ProvisioningStyle = Manual;
					};
					B526E01B1FED881C00B3FC9E = {
						CreatedOnToolsVersion = 9.2;
						ProvisioningStyle = Automatic;
						TestTargetID = B526E0041FED881B00B3FC9E;
					};
					B526E0261FED881C00B3FC9E = {
						CreatedOnToolsVersion = 9.2;
						ProvisioningStyle = Automatic;
						TestTargetID = B526E0041FED881B00B3FC9E;
					};
				};
			};
			buildConfigurationList = B526E0001FED881B00B3FC9E /* Build configuration list for PBXProject "quiz4kids" */;
			compatibilityVersion = "Xcode 8.0";
			developmentRegion = en;
			hasScannedForEncodings = 0;
			knownRegions = (
				en,
				Base,
			);
			mainGroup = B526DFFC1FED881B00B3FC9E;
			productRefGroup = B526E0061FED881B00B3FC9E /* Products */;
			projectDirPath = "";
			projectRoot = "";
			targets = (
				B526E0041FED881B00B3FC9E /* quiz4kids */,
				B526E01B1FED881C00B3FC9E /* quiz4kidsTests */,
				B526E0261FED881C00B3FC9E /* quiz4kidsUITests */,
			);
		};
/* End PBXProject section */

/* Begin PBXResourcesBuildPhase section */
		B526E0031FED881B00B3FC9E /* Resources */ = {
			isa = PBXResourcesBuildPhase;
			buildActionMask = 2147483647;
			files = (
				B526E0161FED881B00B3FC9E /* LaunchScreen.storyboard in Resources */,
				B526E0131FED881B00B3FC9E /* Assets.xcassets in Resources */,
				B526E00E1FED881B00B3FC9E /* Main.storyboard in Resources */,
			);
			runOnlyForDeploymentPostprocessing = 0;
		};
		B526E01A1FED881C00B3FC9E /* Resources */ = {
			isa = PBXResourcesBuildPhase;
			buildActionMask = 2147483647;
			files = (
			);
			runOnlyForDeploymentPostprocessing = 0;
		};
		B526E0251FED881C00B3FC9E /* Resources */ = {
			isa = PBXResourcesBuildPhase;
			buildActionMask = 2147483647;
			files = (
			);
			runOnlyForDeploymentPostprocessing = 0;
		};
/* End PBXResourcesBuildPhase section */

/* Begin PBXSourcesBuildPhase section */
		B526E0011FED881B00B3FC9E /* Sources */ = {
			isa = PBXSourcesBuildPhase;
			buildActionMask = 2147483647;
			files = (
				B536B4511FF01CDD0044DBEA /* AudioQuizViewController.swift in Sources */,
				B526E0091FED881B00B3FC9E /* AppDelegate.swift in Sources */,
				B526E0401FED8B8A00B3FC9E /* QuizType.swift in Sources */,
				B554C6902009A1E7005D0BBC /* SpellingBee.swift in Sources */,
				B5C2E58B1FEEC90F00CACBDB /* AppleCountViewController.swift in Sources */,
				B526E0421FED8E7E00B3FC9E /* QuizTableViewController.swift in Sources */,
				B526E0461FED99EE00B3FC9E /* QuizViewController.swift in Sources */,
				B526E0441FED984F00B3FC9E /* Colors.swift in Sources */,
				B526E0111FED881B00B3FC9E /* quiz4kids.xcdatamodeld in Sources */,
				B526E03C1FED892800B3FC9E /* QuizTypeTableViewController.swift in Sources */,
				B526E03A1FED888500B3FC9E /* Quiz.swift in Sources */,
				B570C0EA1FFDF3DE00A9AC23 /* MultiLineViewController.swift in Sources */,
				B52C8BFD1FF8A80100211C37 /* QuizTypeTableViewCell.swift in Sources */,
			);
			runOnlyForDeploymentPostprocessing = 0;
		};
		B526E0181FED881C00B3FC9E /* Sources */ = {
			isa = PBXSourcesBuildPhase;
			buildActionMask = 2147483647;
			files = (
				B526E0211FED881C00B3FC9E /* quiz4kidsTests.swift in Sources */,
			);
			runOnlyForDeploymentPostprocessing = 0;
		};
		B526E0231FED881C00B3FC9E /* Sources */ = {
			isa = PBXSourcesBuildPhase;
			buildActionMask = 2147483647;
			files = (
				B526E02C1FED881C00B3FC9E /* quiz4kidsUITests.swift in Sources */,
			);
			runOnlyForDeploymentPostprocessing = 0;
		};
/* End PBXSourcesBuildPhase section */

/* Begin PBXTargetDependency section */
		B526E01E1FED881C00B3FC9E /* PBXTargetDependency */ = {
			isa = PBXTargetDependency;
			target = B526E0041FED881B00B3FC9E /* quiz4kids */;
			targetProxy = B526E01D1FED881C00B3FC9E /* PBXContainerItemProxy */;
		};
		B526E0291FED881C00B3FC9E /* PBXTargetDependency */ = {
			isa = PBXTargetDependency;
			target = B526E0041FED881B00B3FC9E /* quiz4kids */;
			targetProxy = B526E0281FED881C00B3FC9E /* PBXContainerItemProxy */;
		};
/* End PBXTargetDependency section */

/* Begin PBXVariantGroup section */
		B526E00C1FED881B00B3FC9E /* Main.storyboard */ = {
			isa = PBXVariantGroup;
			children = (
				B526E00D1FED881B00B3FC9E /* Base */,
			);
			name = Main.storyboard;
			sourceTree = "<group>";
		};
		B526E0141FED881B00B3FC9E /* LaunchScreen.storyboard */ = {
			isa = PBXVariantGroup;
			children = (
				B526E0151FED881B00B3FC9E /* Base */,
			);
			name = LaunchScreen.storyboard;
			sourceTree = "<group>";
		};
/* End PBXVariantGroup section */

/* Begin XCBuildConfiguration section */
		B526E02E1FED881C00B3FC9E /* Debug */ = {
			isa = XCBuildConfiguration;
			buildSettings = {
				ALWAYS_SEARCH_USER_PATHS = NO;
				CLANG_ANALYZER_NONNULL = YES;
				CLANG_ANALYZER_NUMBER_OBJECT_CONVERSION = YES_AGGRESSIVE;
				CLANG_CXX_LANGUAGE_STANDARD = "gnu++14";
				CLANG_CXX_LIBRARY = "libc++";
				CLANG_ENABLE_MODULES = YES;
				CLANG_ENABLE_OBJC_ARC = YES;
				CLANG_WARN_BLOCK_CAPTURE_AUTORELEASING = YES;
				CLANG_WARN_BOOL_CONVERSION = YES;
				CLANG_WARN_COMMA = YES;
				CLANG_WARN_CONSTANT_CONVERSION = YES;
				CLANG_WARN_DIRECT_OBJC_ISA_USAGE = YES_ERROR;
				CLANG_WARN_DOCUMENTATION_COMMENTS = YES;
				CLANG_WARN_EMPTY_BODY = YES;
				CLANG_WARN_ENUM_CONVERSION = YES;
				CLANG_WARN_INFINITE_RECURSION = YES;
				CLANG_WARN_INT_CONVERSION = YES;
				CLANG_WARN_NON_LITERAL_NULL_CONVERSION = YES;
				CLANG_WARN_OBJC_LITERAL_CONVERSION = YES;
				CLANG_WARN_OBJC_ROOT_CLASS = YES_ERROR;
				CLANG_WARN_RANGE_LOOP_ANALYSIS = YES;
				CLANG_WARN_STRICT_PROTOTYPES = YES;
				CLANG_WARN_SUSPICIOUS_MOVE = YES;
				CLANG_WARN_UNGUARDED_AVAILABILITY = YES_AGGRESSIVE;
				CLANG_WARN_UNREACHABLE_CODE = YES;
				CLANG_WARN__DUPLICATE_METHOD_MATCH = YES;
				CODE_SIGN_IDENTITY = "iPhone Developer";
				COPY_PHASE_STRIP = NO;
				DEBUG_INFORMATION_FORMAT = dwarf;
				ENABLE_STRICT_OBJC_MSGSEND = YES;
				ENABLE_TESTABILITY = YES;
				GCC_C_LANGUAGE_STANDARD = gnu11;
				GCC_DYNAMIC_NO_PIC = NO;
				GCC_NO_COMMON_BLOCKS = YES;
				GCC_OPTIMIZATION_LEVEL = 0;
				GCC_PREPROCESSOR_DEFINITIONS = (
					"DEBUG=1",
					"$(inherited)",
				);
				GCC_WARN_64_TO_32_BIT_CONVERSION = YES;
				GCC_WARN_ABOUT_RETURN_TYPE = YES_ERROR;
				GCC_WARN_UNDECLARED_SELECTOR = YES;
				GCC_WARN_UNINITIALIZED_AUTOS = YES_AGGRESSIVE;
				GCC_WARN_UNUSED_FUNCTION = YES;
				GCC_WARN_UNUSED_VARIABLE = YES;
				IPHONEOS_DEPLOYMENT_TARGET = 10.0;
				MTL_ENABLE_DEBUG_INFO = YES;
				ONLY_ACTIVE_ARCH = YES;
				SDKROOT = iphoneos;
				SWIFT_ACTIVE_COMPILATION_CONDITIONS = DEBUG;
				SWIFT_OPTIMIZATION_LEVEL = "-Onone";
			};
			name = Debug;
		};
		B526E02F1FED881C00B3FC9E /* Release */ = {
			isa = XCBuildConfiguration;
			buildSettings = {
				ALWAYS_SEARCH_USER_PATHS = NO;
				CLANG_ANALYZER_NONNULL = YES;
				CLANG_ANALYZER_NUMBER_OBJECT_CONVERSION = YES_AGGRESSIVE;
				CLANG_CXX_LANGUAGE_STANDARD = "gnu++14";
				CLANG_CXX_LIBRARY = "libc++";
				CLANG_ENABLE_MODULES = YES;
				CLANG_ENABLE_OBJC_ARC = YES;
				CLANG_WARN_BLOCK_CAPTURE_AUTORELEASING = YES;
				CLANG_WARN_BOOL_CONVERSION = YES;
				CLANG_WARN_COMMA = YES;
				CLANG_WARN_CONSTANT_CONVERSION = YES;
				CLANG_WARN_DIRECT_OBJC_ISA_USAGE = YES_ERROR;
				CLANG_WARN_DOCUMENTATION_COMMENTS = YES;
				CLANG_WARN_EMPTY_BODY = YES;
				CLANG_WARN_ENUM_CONVERSION = YES;
				CLANG_WARN_INFINITE_RECURSION = YES;
				CLANG_WARN_INT_CONVERSION = YES;
				CLANG_WARN_NON_LITERAL_NULL_CONVERSION = YES;
				CLANG_WARN_OBJC_LITERAL_CONVERSION = YES;
				CLANG_WARN_OBJC_ROOT_CLASS = YES_ERROR;
				CLANG_WARN_RANGE_LOOP_ANALYSIS = YES;
				CLANG_WARN_STRICT_PROTOTYPES = YES;
				CLANG_WARN_SUSPICIOUS_MOVE = YES;
				CLANG_WARN_UNGUARDED_AVAILABILITY = YES_AGGRESSIVE;
				CLANG_WARN_UNREACHABLE_CODE = YES;
				CLANG_WARN__DUPLICATE_METHOD_MATCH = YES;
				CODE_SIGN_IDENTITY = "iPhone Developer";
				COPY_PHASE_STRIP = NO;
				DEBUG_INFORMATION_FORMAT = "dwarf-with-dsym";
				ENABLE_NS_ASSERTIONS = NO;
				ENABLE_STRICT_OBJC_MSGSEND = YES;
				GCC_C_LANGUAGE_STANDARD = gnu11;
				GCC_NO_COMMON_BLOCKS = YES;
				GCC_WARN_64_TO_32_BIT_CONVERSION = YES;
				GCC_WARN_ABOUT_RETURN_TYPE = YES_ERROR;
				GCC_WARN_UNDECLARED_SELECTOR = YES;
				GCC_WARN_UNINITIALIZED_AUTOS = YES_AGGRESSIVE;
				GCC_WARN_UNUSED_FUNCTION = YES;
				GCC_WARN_UNUSED_VARIABLE = YES;
				IPHONEOS_DEPLOYMENT_TARGET = 10.0;
				MTL_ENABLE_DEBUG_INFO = NO;
				SDKROOT = iphoneos;
				SWIFT_OPTIMIZATION_LEVEL = "-Owholemodule";
				VALIDATE_PRODUCT = YES;
			};
			name = Release;
		};
		B526E0311FED881C00B3FC9E /* Debug */ = {
			isa = XCBuildConfiguration;
			buildSettings = {
				ASSETCATALOG_COMPILER_APPICON_NAME = AppIcon;
				"CODE_SIGN_IDENTITY[sdk=iphoneos*]" = "iPhone Distribution";
				CODE_SIGN_STYLE = Manual;
				DEVELOPMENT_TEAM = 67RP36HM8H;
				INFOPLIST_FILE = quiz4kids/Info.plist;
				LD_RUNPATH_SEARCH_PATHS = "$(inherited) @executable_path/Frameworks";
				PRODUCT_BUNDLE_IDENTIFIER = me.whiteship.quiz4kids;
				PRODUCT_NAME = "$(TARGET_NAME)";
				PROVISIONING_PROFILE = "2eefbefa-6e86-4eb7-a08d-abb81699f0a2";
				PROVISIONING_PROFILE_SPECIFIER = QuizProfile;
				SWIFT_VERSION = 4.0;
				TARGETED_DEVICE_FAMILY = "1,2";
			};
			name = Debug;
		};
		B526E0321FED881C00B3FC9E /* Release */ = {
			isa = XCBuildConfiguration;
			buildSettings = {
				ASSETCATALOG_COMPILER_APPICON_NAME = AppIcon;
				"CODE_SIGN_IDENTITY[sdk=iphoneos*]" = "iPhone Distribution";
				CODE_SIGN_STYLE = Manual;
				DEVELOPMENT_TEAM = 67RP36HM8H;
				INFOPLIST_FILE = quiz4kids/Info.plist;
				LD_RUNPATH_SEARCH_PATHS = "$(inherited) @executable_path/Frameworks";
				PRODUCT_BUNDLE_IDENTIFIER = me.whiteship.quiz4kids;
				PRODUCT_NAME = "$(TARGET_NAME)";
				PROVISIONING_PROFILE = "2eefbefa-6e86-4eb7-a08d-abb81699f0a2";
				PROVISIONING_PROFILE_SPECIFIER = QuizProfile;
				SWIFT_VERSION = 4.0;
				TARGETED_DEVICE_FAMILY = "1,2";
			};
			name = Release;
		};
		B526E0341FED881C00B3FC9E /* Debug */ = {
			isa = XCBuildConfiguration;
			buildSettings = {
				ALWAYS_EMBED_SWIFT_STANDARD_LIBRARIES = YES;
				BUNDLE_LOADER = "$(TEST_HOST)";
				CODE_SIGN_STYLE = Automatic;
				INFOPLIST_FILE = quiz4kidsTests/Info.plist;
				LD_RUNPATH_SEARCH_PATHS = "$(inherited) @executable_path/Frameworks @loader_path/Frameworks";
				PRODUCT_BUNDLE_IDENTIFIER = me.whiteship.quiz4kidsTests;
				PRODUCT_NAME = "$(TARGET_NAME)";
				SWIFT_VERSION = 4.0;
				TARGETED_DEVICE_FAMILY = "1,2";
				TEST_HOST = "$(BUILT_PRODUCTS_DIR)/quiz4kids.app/quiz4kids";
			};
			name = Debug;
		};
		B526E0351FED881C00B3FC9E /* Release */ = {
			isa = XCBuildConfiguration;
			buildSettings = {
				ALWAYS_EMBED_SWIFT_STANDARD_LIBRARIES = YES;
				BUNDLE_LOADER = "$(TEST_HOST)";
				CODE_SIGN_STYLE = Automatic;
				INFOPLIST_FILE = quiz4kidsTests/Info.plist;
				LD_RUNPATH_SEARCH_PATHS = "$(inherited) @executable_path/Frameworks @loader_path/Frameworks";
				PRODUCT_BUNDLE_IDENTIFIER = me.whiteship.quiz4kidsTests;
				PRODUCT_NAME = "$(TARGET_NAME)";
				SWIFT_VERSION = 4.0;
				TARGETED_DEVICE_FAMILY = "1,2";
				TEST_HOST = "$(BUILT_PRODUCTS_DIR)/quiz4kids.app/quiz4kids";
			};
			name = Release;
		};
		B526E0371FED881C00B3FC9E /* Debug */ = {
			isa = XCBuildConfiguration;
			buildSettings = {
				ALWAYS_EMBED_SWIFT_STANDARD_LIBRARIES = YES;
				CODE_SIGN_STYLE = Automatic;
				INFOPLIST_FILE = quiz4kidsUITests/Info.plist;
				LD_RUNPATH_SEARCH_PATHS = "$(inherited) @executable_path/Frameworks @loader_path/Frameworks";
				PRODUCT_BUNDLE_IDENTIFIER = me.whiteship.quiz4kidsUITests;
				PRODUCT_NAME = "$(TARGET_NAME)";
				SWIFT_VERSION = 4.0;
				TARGETED_DEVICE_FAMILY = "1,2";
				TEST_TARGET_NAME = quiz4kids;
			};
			name = Debug;
		};
		B526E0381FED881C00B3FC9E /* Release */ = {
			isa = XCBuildConfiguration;
			buildSettings = {
				ALWAYS_EMBED_SWIFT_STANDARD_LIBRARIES = YES;
				CODE_SIGN_STYLE = Automatic;
				INFOPLIST_FILE = quiz4kidsUITests/Info.plist;
				LD_RUNPATH_SEARCH_PATHS = "$(inherited) @executable_path/Frameworks @loader_path/Frameworks";
				PRODUCT_BUNDLE_IDENTIFIER = me.whiteship.quiz4kidsUITests;
				PRODUCT_NAME = "$(TARGET_NAME)";
				SWIFT_VERSION = 4.0;
				TARGETED_DEVICE_FAMILY = "1,2";
				TEST_TARGET_NAME = quiz4kids;
			};
			name = Release;
		};
/* End XCBuildConfiguration section */

/* Begin XCConfigurationList section */
		B526E0001FED881B00B3FC9E /* Build configuration list for PBXProject "quiz4kids" */ = {
			isa = XCConfigurationList;
			buildConfigurations = (
				B526E02E1FED881C00B3FC9E /* Debug */,
				B526E02F1FED881C00B3FC9E /* Release */,
			);
			defaultConfigurationIsVisible = 0;
			defaultConfigurationName = Release;
		};
		B526E0301FED881C00B3FC9E /* Build configuration list for PBXNativeTarget "quiz4kids" */ = {
			isa = XCConfigurationList;
			buildConfigurations = (
				B526E0311FED881C00B3FC9E /* Debug */,
				B526E0321FED881C00B3FC9E /* Release */,
			);
			defaultConfigurationIsVisible = 0;
			defaultConfigurationName = Release;
		};
		B526E0331FED881C00B3FC9E /* Build configuration list for PBXNativeTarget "quiz4kidsTests" */ = {
			isa = XCConfigurationList;
			buildConfigurations = (
				B526E0341FED881C00B3FC9E /* Debug */,
				B526E0351FED881C00B3FC9E /* Release */,
			);
			defaultConfigurationIsVisible = 0;
			defaultConfigurationName = Release;
		};
		B526E0361FED881C00B3FC9E /* Build configuration list for PBXNativeTarget "quiz4kidsUITests" */ = {
			isa = XCConfigurationList;
			buildConfigurations = (
				B526E0371FED881C00B3FC9E /* Debug */,
				B526E0381FED881C00B3FC9E /* Release */,
			);
			defaultConfigurationIsVisible = 0;
			defaultConfigurationName = Release;
		};
/* End XCConfigurationList section */

/* Begin XCVersionGroup section */
		B526E00F1FED881B00B3FC9E /* quiz4kids.xcdatamodeld */ = {
			isa = XCVersionGroup;
			children = (
				B526E0101FED881B00B3FC9E /* quiz4kids.xcdatamodel */,
			);
			currentVersion = B526E0101FED881B00B3FC9E /* quiz4kids.xcdatamodel */;
			path = quiz4kids.xcdatamodeld;
			sourceTree = "<group>";
			versionGroupType = wrapper.xcdatamodel;
		};
/* End XCVersionGroup section */
	};
	rootObject = B526DFFD1FED881B00B3FC9E /* Project object */;
}
